{
    "name": "player",
    "version": "1.0.0",
    "lockfileVersion": 1,
    "requires": true,
    "dependencies": {
        "eventemitter3": {
            "version": "4.0.4",
            "resolved": "https://registry.npmjs.org/eventemitter3/-/eventemitter3-4.0.4.tgz",
            "integrity": "sha512-rlaVLnVxtxvoyLsQQFBx53YmXHDxRIzzTLbdfxqi4yocpSjAxXwkU0cScM5JgSKMqEhrZpnvQ2D9gjylR0AimQ=="
        },
        "hls.js": {
            "version": "0.13.3-canary.5704",
            "resolved": "https://registry.npmjs.org/hls.js/-/hls.js-0.13.3-canary.5704.tgz",
            "integrity": "sha512-VmWGle0PLwArYVNx+chEqptKPq9Cf97hPLUsZ+8Pw1JWOKImcRJWbag3GngbV3GkZzVTaUgFPZkWB6vbBgJzRQ==",
            "requires": {
                "eventemitter3": "^4.0.3",
                "url-toolkit": "^2.1.6"
            }
        },
        "url-toolkit": {
            "version": "2.2.0",
            "resolved": "https://registry.npmjs.org/url-toolkit/-/url-toolkit-2.2.0.tgz",
            "integrity": "sha512-Rde0c9S4fJK3FaHim3DSgdQ8IFrSXcZCpAJo9T7/FA+BoQGhK0ow3mpwGQLJCPYsNn6TstpW7/7DzMpSpz9F9w=="
        }
    }
}